
Microsoft Visual Studio Solution File, Format Version 12.00
# Visual Studio Version 17
VisualStudioVersion = 17.4.33110.190
MinimumVisualStudioVersion = 10.0.40219.1
Project("{9A19103F-16F7-4668-BE54-9A1E7A4F7556}") = "BowlingGame.Tests", "BowlingGame.Tests\BowlingGame.Tests.csproj", "{9FF8E63D-3F89-4B97-AD47-8F4F6860F11E}"
EndProject
Project("{FAE04EC0-301F-11D3-BF4B-00C04F79EFBC}") = "BowlingGameLib", "BowlingGameLib\BowlingGameLib.csproj", "{24239099-5792-4B87-811D-C68E570800B7}"
EndProject
Global
	GlobalSection(SolutionConfigurationPlatforms) = preSolution
		Debug|Any CPU = Debug|Any CPU
		Release|Any CPU = Release|Any CPU
	EndGlobalSection
	GlobalSection(ProjectConfigurationPlatforms) = postSolution
		{9FF8E63D-3F89-4B97-AD47-8F4F6860F11E}.Debug|Any CPU.ActiveCfg = Debug|Any CPU
		{9FF8E63D-3F89-4B97-AD47-8F4F6860F11E}.Debug|Any CPU.Build.0 = Debug|Any CPU
		{9FF8E63D-3F89-4B97-AD47-8F4F6860F11E}.Release|Any CPU.ActiveCfg = Release|Any CPU
		{9FF8E63D-3F89-4B97-AD47-8F4F6860F11E}.Release|Any CPU.Build.0 = Release|Any CPU
		{24239099-5792-4B87-811D-C68E570800B7}.Debug|Any CPU.ActiveCfg = Debug|Any CPU
		{24239099-5792-4B87-811D-C68E570800B7}.Debug|Any CPU.Build.0 = Debug|Any CPU
		{24239099-5792-4B87-811D-C68E570800B7}.Release|Any CPU.ActiveCfg = Release|Any CPU
		{24239099-5792-4B87-811D-C68E570800B7}.Release|Any CPU.Build.0 = Release|Any CPU
	EndGlobalSection
	GlobalSection(SolutionProperties) = preSolution
		HideSolutionNode = FALSE
	EndGlobalSection
	GlobalSection(ExtensibilityGlobals) = postSolution
		SolutionGuid = {FB1E75C5-657A-4A97-9234-3C59F2A7F3E3}
	EndGlobalSection
EndGlobal
